
Microsoft Visual Studio Solution File, Format Version 12.00
# Visual Studio Version 16
VisualStudioVersion = 16.0.30204.135
MinimumVisualStudioVersion = 10.0.40219.1
Project("{FAE04EC0-301F-11D3-BF4B-00C04F79EFBC}") = "Dodge example", "Dodge example\Dodge example.csproj", "{09766AC6-50B4-4110-A9B7-07504D4E6829}"
EndProject
Global
	GlobalSection(SolutionConfigurationPlatforms) = preSolution
		Debug|Any CPU = Debug|Any CPU
		Release|Any CPU = Release|Any CPU
	EndGlobalSection
	GlobalSection(ProjectConfigurationPlatforms) = postSolution
		{09766AC6-50B4-4110-A9B7-07504D4E6829}.Debug|Any CPU.ActiveCfg = Debug|Any CPU
		{09766AC6-50B4-4110-A9B7-07504D4E6829}.Debug|Any CPU.Build.0 = Debug|Any CPU
		{09766AC6-50B4-4110-A9B7-07504D4E6829}.Release|Any CPU.ActiveCfg = Release|Any CPU
		{09766AC6-50B4-4110-A9B7-07504D4E6829}.Release|Any CPU.Build.0 = Release|Any CPU
	EndGlobalSection
	GlobalSection(SolutionProperties) = preSolution
		HideSolutionNode = FALSE
	EndGlobalSection
	GlobalSection(ExtensibilityGlobals) = postSolution
		SolutionGuid = {86C4E48B-B924-46FF-AEDA-B22757131BB5}
	EndGlobalSection
EndGlobal
